
Microsoft Visual Studio Solution File, Format Version 12.00
# Visual Studio 14
VisualStudioVersion = 14.0.25420.1
MinimumVisualStudioVersion = 10.0.40219.1
Project("{8BC9CEB8-8B4A-11D0-8D11-00A0C91BC942}") = "deamonProcess", "deamonProcess.vcxproj", "{FA47E42D-9131-456D-A562-AC2010DB0CB0}"
	ProjectSection(ProjectDependencies) = postProject
		{9AABD7C4-4178-4917-B244-3F6AC82B48BA} = {9AABD7C4-4178-4917-B244-3F6AC82B48BA}
	EndProjectSection
EndProject
Project("{8BC9CEB8-8B4A-11D0-8D11-00A0C91BC942}") = "ToolsLibrary", "..\ToolsLibrary\ToolsLibrary.vcxproj", "{9AABD7C4-4178-4917-B244-3F6AC82B48BA}"
EndProject
Global
	GlobalSection(SolutionConfigurationPlatforms) = preSolution
		Debug|x64 = Debug|x64
		Debug|x86 = Debug|x86
		Release|x64 = Release|x64
		Release|x86 = Release|x86
	EndGlobalSection
	GlobalSection(ProjectConfigurationPlatforms) = postSolution
		{FA47E42D-9131-456D-A562-AC2010DB0CB0}.Debug|x64.ActiveCfg = Debug|x64
		{FA47E42D-9131-456D-A562-AC2010DB0CB0}.Debug|x64.Build.0 = Debug|x64
		{FA47E42D-9131-456D-A562-AC2010DB0CB0}.Debug|x86.ActiveCfg = Debug|Win32
		{FA47E42D-9131-456D-A562-AC2010DB0CB0}.Debug|x86.Build.0 = Debug|Win32
		{FA47E42D-9131-456D-A562-AC2010DB0CB0}.Release|x64.ActiveCfg = Release|x64
		{FA47E42D-9131-456D-A562-AC2010DB0CB0}.Release|x64.Build.0 = Release|x64
		{FA47E42D-9131-456D-A562-AC2010DB0CB0}.Release|x86.ActiveCfg = Release|Win32
		{FA47E42D-9131-456D-A562-AC2010DB0CB0}.Release|x86.Build.0 = Release|Win32
		{9AABD7C4-4178-4917-B244-3F6AC82B48BA}.Debug|x64.ActiveCfg = Debug|x64
		{9AABD7C4-4178-4917-B244-3F6AC82B48BA}.Debug|x64.Build.0 = Debug|x64
		{9AABD7C4-4178-4917-B244-3F6AC82B48BA}.Debug|x86.ActiveCfg = Debug|Win32
		{9AABD7C4-4178-4917-B244-3F6AC82B48BA}.Debug|x86.Build.0 = Debug|Win32
		{9AABD7C4-4178-4917-B244-3F6AC82B48BA}.Release|x64.ActiveCfg = Release|x64
		{9AABD7C4-4178-4917-B244-3F6AC82B48BA}.Release|x64.Build.0 = Release|x64
		{9AABD7C4-4178-4917-B244-3F6AC82B48BA}.Release|x86.ActiveCfg = Release|Win32
		{9AABD7C4-4178-4917-B244-3F6AC82B48BA}.Release|x86.Build.0 = Release|Win32
	EndGlobalSection
	GlobalSection(SolutionProperties) = preSolution
		HideSolutionNode = FALSE
	EndGlobalSection
EndGlobal
